
Microsoft Visual Studio Solution File, Format Version 12.00
# Visual Studio 2013
VisualStudioVersion = 12.0.21005.1
MinimumVisualStudioVersion = 10.0.40219.1
Project("{8BC9CEB8-8B4A-11D0-8D11-00A0C91BC942}") = "快速排序", "快速排序\快速排序.vcxproj", "{DA9F7DC0-7476-4BFA-8EC9-95AD10AA060C}"
EndProject
Global
	GlobalSection(SolutionConfigurationPlatforms) = preSolution
		Debug|Win32 = Debug|Win32
		Release|Win32 = Release|Win32
	EndGlobalSection
	GlobalSection(ProjectConfigurationPlatforms) = postSolution
		{DA9F7DC0-7476-4BFA-8EC9-95AD10AA060C}.Debug|Win32.ActiveCfg = Debug|Win32
		{DA9F7DC0-7476-4BFA-8EC9-95AD10AA060C}.Debug|Win32.Build.0 = Debug|Win32
		{DA9F7DC0-7476-4BFA-8EC9-95AD10AA060C}.Release|Win32.ActiveCfg = Release|Win32
		{DA9F7DC0-7476-4BFA-8EC9-95AD10AA060C}.Release|Win32.Build.0 = Release|Win32
	EndGlobalSection
	GlobalSection(SolutionProperties) = preSolution
		HideSolutionNode = FALSE
	EndGlobalSection
EndGlobal
