
Microsoft Visual Studio Solution File, Format Version 12.00
# Visual Studio 2013
VisualStudioVersion = 12.0.21005.1
MinimumVisualStudioVersion = 10.0.40219.1
Project("{8BC9CEB8-8B4A-11D0-8D11-00A0C91BC942}") = "判断1000年---2000年之间的闰年", "判断1000年---2000年之间的闰年\判断1000年---2000年之间的闰年.vcxproj", "{B8FBD91F-30DE-462B-AB1E-A006A3B85109}"
EndProject
Global
	GlobalSection(SolutionConfigurationPlatforms) = preSolution
		Debug|Win32 = Debug|Win32
		Release|Win32 = Release|Win32
	EndGlobalSection
	GlobalSection(ProjectConfigurationPlatforms) = postSolution
		{B8FBD91F-30DE-462B-AB1E-A006A3B85109}.Debug|Win32.ActiveCfg = Debug|Win32
		{B8FBD91F-30DE-462B-AB1E-A006A3B85109}.Debug|Win32.Build.0 = Debug|Win32
		{B8FBD91F-30DE-462B-AB1E-A006A3B85109}.Release|Win32.ActiveCfg = Release|Win32
		{B8FBD91F-30DE-462B-AB1E-A006A3B85109}.Release|Win32.Build.0 = Release|Win32
	EndGlobalSection
	GlobalSection(SolutionProperties) = preSolution
		HideSolutionNode = FALSE
	EndGlobalSection
EndGlobal
