
Microsoft Visual Studio Solution File, Format Version 12.00
# Visual Studio 2013
VisualStudioVersion = 12.0.21005.1
MinimumVisualStudioVersion = 10.0.40219.1
Project("{8BC9CEB8-8B4A-11D0-8D11-00A0C91BC942}") = "Project3", "Project3\Project3.vcxproj", "{BE3E51E4-BCE6-411C-BDD1-44414CAE2CA7}"
EndProject
Global
	GlobalSection(SolutionConfigurationPlatforms) = preSolution
		Debug|Win32 = Debug|Win32
		Release|Win32 = Release|Win32
	EndGlobalSection
	GlobalSection(ProjectConfigurationPlatforms) = postSolution
		{BE3E51E4-BCE6-411C-BDD1-44414CAE2CA7}.Debug|Win32.ActiveCfg = Debug|Win32
		{BE3E51E4-BCE6-411C-BDD1-44414CAE2CA7}.Debug|Win32.Build.0 = Debug|Win32
		{BE3E51E4-BCE6-411C-BDD1-44414CAE2CA7}.Release|Win32.ActiveCfg = Release|Win32
		{BE3E51E4-BCE6-411C-BDD1-44414CAE2CA7}.Release|Win32.Build.0 = Release|Win32
	EndGlobalSection
	GlobalSection(SolutionProperties) = preSolution
		HideSolutionNode = FALSE
	EndGlobalSection
EndGlobal
