
Microsoft Visual Studio Solution File, Format Version 12.00
# Visual Studio 2013
VisualStudioVersion = 12.0.21005.1
MinimumVisualStudioVersion = 10.0.40219.1
Project("{8BC9CEB8-8B4A-11D0-8D11-00A0C91BC942}") = "用栈实现队列", "用栈实现队列\用栈实现队列.vcxproj", "{A3200A7A-24F7-4A47-BD4E-569CB2B88E11}"
EndProject
Global
	GlobalSection(SolutionConfigurationPlatforms) = preSolution
		Debug|Win32 = Debug|Win32
		Release|Win32 = Release|Win32
	EndGlobalSection
	GlobalSection(ProjectConfigurationPlatforms) = postSolution
		{A3200A7A-24F7-4A47-BD4E-569CB2B88E11}.Debug|Win32.ActiveCfg = Debug|Win32
		{A3200A7A-24F7-4A47-BD4E-569CB2B88E11}.Debug|Win32.Build.0 = Debug|Win32
		{A3200A7A-24F7-4A47-BD4E-569CB2B88E11}.Release|Win32.ActiveCfg = Release|Win32
		{A3200A7A-24F7-4A47-BD4E-569CB2B88E11}.Release|Win32.Build.0 = Release|Win32
	EndGlobalSection
	GlobalSection(SolutionProperties) = preSolution
		HideSolutionNode = FALSE
	EndGlobalSection
EndGlobal
