
Microsoft Visual Studio Solution File, Format Version 12.00
# Visual Studio 2013
VisualStudioVersion = 12.0.21005.1
MinimumVisualStudioVersion = 10.0.40219.1
Project("{8BC9CEB8-8B4A-11D0-8D11-00A0C91BC942}") = "1. 将数组A中的内容和数组B中的内容进行交换。（数组一样大）", "1. 将数组A中的内容和数组B中的内容进行交换。（数组一样大）\1. 将数组A中的内容和数组B中的内容进行交换。（数组一样大）.vcxproj", "{3AE9D3CA-BE61-497C-9C4C-F622CA13BFA2}"
EndProject
Global
	GlobalSection(SolutionConfigurationPlatforms) = preSolution
		Debug|Win32 = Debug|Win32
		Release|Win32 = Release|Win32
	EndGlobalSection
	GlobalSection(ProjectConfigurationPlatforms) = postSolution
		{3AE9D3CA-BE61-497C-9C4C-F622CA13BFA2}.Debug|Win32.ActiveCfg = Debug|Win32
		{3AE9D3CA-BE61-497C-9C4C-F622CA13BFA2}.Debug|Win32.Build.0 = Debug|Win32
		{3AE9D3CA-BE61-497C-9C4C-F622CA13BFA2}.Release|Win32.ActiveCfg = Release|Win32
		{3AE9D3CA-BE61-497C-9C4C-F622CA13BFA2}.Release|Win32.Build.0 = Release|Win32
	EndGlobalSection
	GlobalSection(SolutionProperties) = preSolution
		HideSolutionNode = FALSE
	EndGlobalSection
EndGlobal
