
Microsoft Visual Studio Solution File, Format Version 12.00
# Visual Studio 2013
VisualStudioVersion = 12.0.21005.1
MinimumVisualStudioVersion = 10.0.40219.1
Project("{8BC9CEB8-8B4A-11D0-8D11-00A0C91BC942}") = "防止类被拷贝", "防止类被拷贝\防止类被拷贝.vcxproj", "{C1347C6D-815B-45E9-9FBD-4DE36F4DB46A}"
EndProject
Global
	GlobalSection(SolutionConfigurationPlatforms) = preSolution
		Debug|Win32 = Debug|Win32
		Release|Win32 = Release|Win32
	EndGlobalSection
	GlobalSection(ProjectConfigurationPlatforms) = postSolution
		{C1347C6D-815B-45E9-9FBD-4DE36F4DB46A}.Debug|Win32.ActiveCfg = Debug|Win32
		{C1347C6D-815B-45E9-9FBD-4DE36F4DB46A}.Debug|Win32.Build.0 = Debug|Win32
		{C1347C6D-815B-45E9-9FBD-4DE36F4DB46A}.Release|Win32.ActiveCfg = Release|Win32
		{C1347C6D-815B-45E9-9FBD-4DE36F4DB46A}.Release|Win32.Build.0 = Release|Win32
	EndGlobalSection
	GlobalSection(SolutionProperties) = preSolution
		HideSolutionNode = FALSE
	EndGlobalSection
EndGlobal
