
Microsoft Visual Studio Solution File, Format Version 12.00
# Visual Studio 2013
VisualStudioVersion = 12.0.21005.1
MinimumVisualStudioVersion = 10.0.40219.1
Project("{8BC9CEB8-8B4A-11D0-8D11-00A0C91BC942}") = "C_NC_day14", "C_NC_day14\C_NC_day14.vcxproj", "{BC5BFEB7-DC5E-4857-A844-47D27959BEA3}"
EndProject
Global
	GlobalSection(SolutionConfigurationPlatforms) = preSolution
		Debug|Win32 = Debug|Win32
		Release|Win32 = Release|Win32
	EndGlobalSection
	GlobalSection(ProjectConfigurationPlatforms) = postSolution
		{BC5BFEB7-DC5E-4857-A844-47D27959BEA3}.Debug|Win32.ActiveCfg = Debug|Win32
		{BC5BFEB7-DC5E-4857-A844-47D27959BEA3}.Debug|Win32.Build.0 = Debug|Win32
		{BC5BFEB7-DC5E-4857-A844-47D27959BEA3}.Release|Win32.ActiveCfg = Release|Win32
		{BC5BFEB7-DC5E-4857-A844-47D27959BEA3}.Release|Win32.Build.0 = Release|Win32
	EndGlobalSection
	GlobalSection(SolutionProperties) = preSolution
		HideSolutionNode = FALSE
	EndGlobalSection
EndGlobal
