
Microsoft Visual Studio Solution File, Format Version 11.00
# Visual Studio 2010
Project("{8BC9CEB8-8B4A-11D0-8D11-00A0C91BC942}") = "opinionnewandold", "opinionnewandold\opinionnewandold.vcxproj", "{29DDDA53-0C3D-45AB-8713-DA2B1560079B}"
EndProject
Global
	GlobalSection(SolutionConfigurationPlatforms) = preSolution
		Debug|Win32 = Debug|Win32
		Release|Win32 = Release|Win32
	EndGlobalSection
	GlobalSection(ProjectConfigurationPlatforms) = postSolution
		{29DDDA53-0C3D-45AB-8713-DA2B1560079B}.Debug|Win32.ActiveCfg = Debug|Win32
		{29DDDA53-0C3D-45AB-8713-DA2B1560079B}.Debug|Win32.Build.0 = Debug|Win32
		{29DDDA53-0C3D-45AB-8713-DA2B1560079B}.Release|Win32.ActiveCfg = Release|Win32
		{29DDDA53-0C3D-45AB-8713-DA2B1560079B}.Release|Win32.Build.0 = Release|Win32
	EndGlobalSection
	GlobalSection(SolutionProperties) = preSolution
		HideSolutionNode = FALSE
	EndGlobalSection
EndGlobal
