
Microsoft Visual Studio Solution File, Format Version 12.00
# Visual Studio 2013
VisualStudioVersion = 12.0.21005.1
MinimumVisualStudioVersion = 10.0.40219.1
Project("{8BC9CEB8-8B4A-11D0-8D11-00A0C91BC942}") = "用函数判断闰年", "用函数判断闰年\用函数判断闰年.vcxproj", "{0A7193DC-8995-4845-9B3C-7980E776BC63}"
EndProject
Global
	GlobalSection(SolutionConfigurationPlatforms) = preSolution
		Debug|Win32 = Debug|Win32
		Release|Win32 = Release|Win32
	EndGlobalSection
	GlobalSection(ProjectConfigurationPlatforms) = postSolution
		{0A7193DC-8995-4845-9B3C-7980E776BC63}.Debug|Win32.ActiveCfg = Debug|Win32
		{0A7193DC-8995-4845-9B3C-7980E776BC63}.Debug|Win32.Build.0 = Debug|Win32
		{0A7193DC-8995-4845-9B3C-7980E776BC63}.Release|Win32.ActiveCfg = Release|Win32
		{0A7193DC-8995-4845-9B3C-7980E776BC63}.Release|Win32.Build.0 = Release|Win32
	EndGlobalSection
	GlobalSection(SolutionProperties) = preSolution
		HideSolutionNode = FALSE
	EndGlobalSection
EndGlobal
